// !$*UTF8*$!
{
	archiveVersion = 1;
	classes = {
	};
	objectVersion = 46;
	objects = {

/* Begin PBXBuildFile section */
		AC3AAF5E1BC4650100A62CFB /* CastomStyleCell.swift in Sources */ = {isa = PBXBuildFile; fileRef = AC3AAF5D1BC4650100A62CFB /* CastomStyleCell.swift */; settings = {ASSET_TAGS = (); }; };
		AC633F271BC91835001148C6 /* UserInfoView.xib in Resources */ = {isa = PBXBuildFile; fileRef = AC633F261BC91835001148C6 /* UserInfoView.xib */; settings = {ASSET_TAGS = (); }; };
		AC633F291BC918D5001148C6 /* UserInfoView.swift in Sources */ = {isa = PBXBuildFile; fileRef = AC633F281BC918D5001148C6 /* UserInfoView.swift */; settings = {ASSET_TAGS = (); }; };
		AC633F2B1BC9668B001148C6 /* DateView.xib in Resources */ = {isa = PBXBuildFile; fileRef = AC633F2A1BC9668B001148C6 /* DateView.xib */; settings = {ASSET_TAGS = (); }; };
		AC633F2D1BC966F2001148C6 /* DateView.swift in Sources */ = {isa = PBXBuildFile; fileRef = AC633F2C1BC966F2001148C6 /* DateView.swift */; settings = {ASSET_TAGS = (); }; };
		AC633F2F1BC96B4B001148C6 /* UIView+xib.swift in Sources */ = {isa = PBXBuildFile; fileRef = AC633F2E1BC96B4B001148C6 /* UIView+xib.swift */; settings = {ASSET_TAGS = (); }; };
		AC633F311BC97E31001148C6 /* MessageTextField.swift in Sources */ = {isa = PBXBuildFile; fileRef = AC633F301BC97E31001148C6 /* MessageTextField.swift */; settings = {ASSET_TAGS = (); }; };
		AC91A5B21BC2D91C00ED293F /* AppDelegate.swift in Sources */ = {isa = PBXBuildFile; fileRef = AC91A5B11BC2D91C00ED293F /* AppDelegate.swift */; };
		AC91A5B71BC2D91C00ED293F /* Main.storyboard in Resources */ = {isa = PBXBuildFile; fileRef = AC91A5B51BC2D91C00ED293F /* Main.storyboard */; };
		AC91A5B91BC2D91C00ED293F /* Assets.xcassets in Resources */ = {isa = PBXBuildFile; fileRef = AC91A5B81BC2D91C00ED293F /* Assets.xcassets */; };
		AC91A5BC1BC2D91C00ED293F /* LaunchScreen.storyboard in Resources */ = {isa = PBXBuildFile; fileRef = AC91A5BA1BC2D91C00ED293F /* LaunchScreen.storyboard */; };
		AC953D9E1BCBE74900EF0DC3 /* MessageView.xib in Resources */ = {isa = PBXBuildFile; fileRef = AC953D9D1BCBE74900EF0DC3 /* MessageView.xib */; settings = {ASSET_TAGS = (); }; };
		AC953DA01BCBE78A00EF0DC3 /* MessageView.swift in Sources */ = {isa = PBXBuildFile; fileRef = AC953D9F1BCBE78A00EF0DC3 /* MessageView.swift */; settings = {ASSET_TAGS = (); }; };
		AC9745321BC3F46E00B37456 /* MessageCollectionViewCell.swift in Sources */ = {isa = PBXBuildFile; fileRef = AC9745311BC3F46E00B37456 /* MessageCollectionViewCell.swift */; settings = {ASSET_TAGS = (); }; };
		AC9D05E11BC2F86B0051FABC /* MessengerViewController.swift in Sources */ = {isa = PBXBuildFile; fileRef = AC9D05E01BC2F86B0051FABC /* MessengerViewController.swift */; settings = {ASSET_TAGS = (); }; };
		ACA80D001BC309B000441D6E /* MessageBabbleView.swift in Sources */ = {isa = PBXBuildFile; fileRef = ACA80CFF1BC309B000441D6E /* MessageBabbleView.swift */; settings = {ASSET_TAGS = (); }; };
		ACA80D021BC39EB600441D6E /* Message.swift in Sources */ = {isa = PBXBuildFile; fileRef = ACA80D011BC39EB600441D6E /* Message.swift */; settings = {ASSET_TAGS = (); }; };
		ACA80D041BC39EC000441D6E /* User.swift in Sources */ = {isa = PBXBuildFile; fileRef = ACA80D031BC39EC000441D6E /* User.swift */; settings = {ASSET_TAGS = (); }; };
		ACABC8FC1BD0176700982911 /* Session.swift in Sources */ = {isa = PBXBuildFile; fileRef = ACABC8FB1BD0176700982911 /* Session.swift */; settings = {ASSET_TAGS = (); }; };
		ACABC9001BD01D4300982911 /* Messeges.swift in Sources */ = {isa = PBXBuildFile; fileRef = ACABC8FF1BD01D4300982911 /* Messeges.swift */; settings = {ASSET_TAGS = (); }; };
		ACD19AF31BC687330074F590 /* FrameForImageView.swift in Sources */ = {isa = PBXBuildFile; fileRef = ACD19AF21BC687330074F590 /* FrameForImageView.swift */; settings = {ASSET_TAGS = (); }; };
/* End PBXBuildFile section */

/* Begin PBXFileReference section */
		AC3AAF5D1BC4650100A62CFB /* CastomStyleCell.swift */ = {isa = PBXFileReference; fileEncoding = 4; lastKnownFileType = sourcecode.swift; path = CastomStyleCell.swift; sourceTree = "<group>"; };
		AC633F261BC91835001148C6 /* UserInfoView.xib */ = {isa = PBXFileReference; fileEncoding = 4; lastKnownFileType = file.xib; path = UserInfoView.xib; sourceTree = "<group>"; };
		AC633F281BC918D5001148C6 /* UserInfoView.swift */ = {isa = PBXFileReference; fileEncoding = 4; lastKnownFileType = sourcecode.swift; path = UserInfoView.swift; sourceTree = "<group>"; };
		AC633F2A1BC9668B001148C6 /* DateView.xib */ = {isa = PBXFileReference; fileEncoding = 4; lastKnownFileType = file.xib; path = DateView.xib; sourceTree = "<group>"; };
		AC633F2C1BC966F2001148C6 /* DateView.swift */ = {isa = PBXFileReference; fileEncoding = 4; lastKnownFileType = sourcecode.swift; path = DateView.swift; sourceTree = "<group>"; };
		AC633F2E1BC96B4B001148C6 /* UIView+xib.swift */ = {isa = PBXFileReference; fileEncoding = 4; lastKnownFileType = sourcecode.swift; path = "UIView+xib.swift"; sourceTree = "<group>"; };
		AC633F301BC97E31001148C6 /* MessageTextField.swift */ = {isa = PBXFileReference; fileEncoding = 4; lastKnownFileType = sourcecode.swift; path = MessageTextField.swift; sourceTree = "<group>"; };
		AC91A5AE1BC2D91C00ED293F /* Messenger.app */ = {isa = PBXFileReference; explicitFileType = wrapper.application; includeInIndex = 0; path = Messenger.app; sourceTree = BUILT_PRODUCTS_DIR; };
		AC91A5B11BC2D91C00ED293F /* AppDelegate.swift */ = {isa = PBXFileReference; lastKnownFileType = sourcecode.swift; path = AppDelegate.swift; sourceTree = "<group>"; };
		AC91A5B61BC2D91C00ED293F /* Base */ = {isa = PBXFileReference; lastKnownFileType = file.storyboard; name = Base; path = Base.lproj/Main.storyboard; sourceTree = "<group>"; };
		AC91A5B81BC2D91C00ED293F /* Assets.xcassets */ = {isa = PBXFileReference; lastKnownFileType = folder.assetcatalog; path = Assets.xcassets; sourceTree = "<group>"; };
		AC91A5BB1BC2D91C00ED293F /* Base */ = {isa = PBXFileReference; lastKnownFileType = file.storyboard; name = Base; path = Base.lproj/LaunchScreen.storyboard; sourceTree = "<group>"; };
		AC91A5BD1BC2D91C00ED293F /* Info.plist */ = {isa = PBXFileReference; lastKnownFileType = text.plist.xml; path = Info.plist; sourceTree = "<group>"; };
		AC953D9D1BCBE74900EF0DC3 /* MessageView.xib */ = {isa = PBXFileReference; fileEncoding = 4; lastKnownFileType = file.xib; path = MessageView.xib; sourceTree = "<group>"; };
		AC953D9F1BCBE78A00EF0DC3 /* MessageView.swift */ = {isa = PBXFileReference; fileEncoding = 4; lastKnownFileType = sourcecode.swift; path = MessageView.swift; sourceTree = "<group>"; };
		AC9745311BC3F46E00B37456 /* MessageCollectionViewCell.swift */ = {isa = PBXFileReference; fileEncoding = 4; lastKnownFileType = sourcecode.swift; path = MessageCollectionViewCell.swift; sourceTree = "<group>"; };
		AC9D05E01BC2F86B0051FABC /* MessengerViewController.swift */ = {isa = PBXFileReference; fileEncoding = 4; lastKnownFileType = sourcecode.swift; path = MessengerViewController.swift; sourceTree = "<group>"; };
		ACA80CFF1BC309B000441D6E /* MessageBabbleView.swift */ = {isa = PBXFileReference; fileEncoding = 4; lastKnownFileType = sourcecode.swift; path = MessageBabbleView.swift; sourceTree = "<group>"; };
		ACA80D011BC39EB600441D6E /* Message.swift */ = {isa = PBXFileReference; fileEncoding = 4; lastKnownFileType = sourcecode.swift; path = Message.swift; sourceTree = "<group>"; };
		ACA80D031BC39EC000441D6E /* User.swift */ = {isa = PBXFileReference; fileEncoding = 4; lastKnownFileType = sourcecode.swift; path = User.swift; sourceTree = "<group>"; };
		ACABC8FB1BD0176700982911 /* Session.swift */ = {isa = PBXFileReference; fileEncoding = 4; lastKnownFileType = sourcecode.swift; path = Session.swift; sourceTree = "<group>"; };
		ACABC8FF1BD01D4300982911 /* Messeges.swift */ = {isa = PBXFileReference; fileEncoding = 4; lastKnownFileType = sourcecode.swift; path = Messeges.swift; sourceTree = "<group>"; };
		ACD19AF21BC687330074F590 /* FrameForImageView.swift */ = {isa = PBXFileReference; fileEncoding = 4; lastKnownFileType = sourcecode.swift; path = FrameForImageView.swift; sourceTree = "<group>"; };
/* End PBXFileReference section */

/* Begin PBXFrameworksBuildPhase section */
		AC91A5AB1BC2D91B00ED293F /* Frameworks */ = {
			isa = PBXFrameworksBuildPhase;
			buildActionMask = 2147483647;
			files = (
			);
			runOnlyForDeploymentPostprocessing = 0;
		};
/* End PBXFrameworksBuildPhase section */

/* Begin PBXGroup section */
		AC463DF01BC72334008FCE2E /* Model */ = {
			isa = PBXGroup;
			children = (
				ACA80D031BC39EC000441D6E /* User.swift */,
				ACA80D011BC39EB600441D6E /* Message.swift */,
			);
			name = Model;
			sourceTree = "<group>";
		};
		AC463DF11BC72348008FCE2E /* Controller */ = {
			isa = PBXGroup;
			children = (
				AC9745311BC3F46E00B37456 /* MessageCollectionViewCell.swift */,
				AC9D05E01BC2F86B0051FABC /* MessengerViewController.swift */,
			);
			name = Controller;
			sourceTree = "<group>";
		};
		AC463DF21BC72377008FCE2E /* View */ = {
			isa = PBXGroup;
			children = (
				AC3AAF5D1BC4650100A62CFB /* CastomStyleCell.swift */,
				ACA80CFF1BC309B000441D6E /* MessageBabbleView.swift */,
				ACD19AF21BC687330074F590 /* FrameForImageView.swift */,
				AC633F261BC91835001148C6 /* UserInfoView.xib */,
				AC633F281BC918D5001148C6 /* UserInfoView.swift */,
				AC633F2A1BC9668B001148C6 /* DateView.xib */,
				AC633F2C1BC966F2001148C6 /* DateView.swift */,
				AC633F2E1BC96B4B001148C6 /* UIView+xib.swift */,
				AC633F301BC97E31001148C6 /* MessageTextField.swift */,
				AC953D9D1BCBE74900EF0DC3 /* MessageView.xib */,
				AC953D9F1BCBE78A00EF0DC3 /* MessageView.swift */,
			);
			name = View;
			sourceTree = "<group>";
		};
		AC91A5A51BC2D91B00ED293F = {
			isa = PBXGroup;
			children = (
				AC91A5B01BC2D91C00ED293F /* Messenger */,
				AC91A5AF1BC2D91C00ED293F /* Products */,
			);
			sourceTree = "<group>";
		};
		AC91A5AF1BC2D91C00ED293F /* Products */ = {
			isa = PBXGroup;
			children = (
				AC91A5AE1BC2D91C00ED293F /* Messenger.app */,
			);
			name = Products;
			sourceTree = "<group>";
		};
		AC91A5B01BC2D91C00ED293F /* Messenger */ = {
			isa = PBXGroup;
			children = (
				ACABC8FE1BD01D1600982911 /* Service */,
				ACABC8FD1BD01CFC00982911 /* Netwotk */,
				AC91A5BA1BC2D91C00ED293F /* LaunchScreen.storyboard */,
				AC91A5B51BC2D91C00ED293F /* Main.storyboard */,
				AC463DF21BC72377008FCE2E /* View */,
				AC463DF11BC72348008FCE2E /* Controller */,
				AC463DF01BC72334008FCE2E /* Model */,
				AC91A5B11BC2D91C00ED293F /* AppDelegate.swift */,
				AC91A5B81BC2D91C00ED293F /* Assets.xcassets */,
				AC91A5BD1BC2D91C00ED293F /* Info.plist */,
			);
			path = Messenger;
			sourceTree = "<group>";
		};
		ACABC8FD1BD01CFC00982911 /* Netwotk */ = {
			isa = PBXGroup;
			children = (
				ACABC8FB1BD0176700982911 /* Session.swift */,
			);
			name = Netwotk;
			sourceTree = "<group>";
		};
		ACABC8FE1BD01D1600982911 /* Service */ = {
			isa = PBXGroup;
			children = (
				ACABC8FF1BD01D4300982911 /* Messeges.swift */,
			);
			name = Service;
			sourceTree = "<group>";
		};
/* End PBXGroup section */

/* Begin PBXNativeTarget section */
		AC91A5AD1BC2D91B00ED293F /* Messenger */ = {
			isa = PBXNativeTarget;
			buildConfigurationList = AC91A5C01BC2D91C00ED293F /* Build configuration list for PBXNativeTarget "Messenger" */;
			buildPhases = (
				AC91A5AA1BC2D91B00ED293F /* Sources */,
				AC91A5AB1BC2D91B00ED293F /* Frameworks */,
				AC91A5AC1BC2D91B00ED293F /* Resources */,
			);
			buildRules = (
			);
			dependencies = (
			);
			name = Messenger;
			productName = Messenger;
			productReference = AC91A5AE1BC2D91C00ED293F /* Messenger.app */;
			productType = "com.apple.product-type.application";
		};
/* End PBXNativeTarget section */

/* Begin PBXProject section */
		AC91A5A61BC2D91B00ED293F /* Project object */ = {
			isa = PBXProject;
			attributes = {
				LastUpgradeCheck = 0700;
				ORGANIZATIONNAME = "Артём Кузнецов";
				TargetAttributes = {
					AC91A5AD1BC2D91B00ED293F = {
						CreatedOnToolsVersion = 7.0.1;
						DevelopmentTeam = E96A4H45PK;
					};
				};
			};
			buildConfigurationList = AC91A5A91BC2D91B00ED293F /* Build configuration list for PBXProject "Messenger" */;
			compatibilityVersion = "Xcode 3.2";
			developmentRegion = English;
			hasScannedForEncodings = 0;
			knownRegions = (
				en,
				Base,
			);
			mainGroup = AC91A5A51BC2D91B00ED293F;
			productRefGroup = AC91A5AF1BC2D91C00ED293F /* Products */;
			projectDirPath = "";
			projectRoot = "";
			targets = (
				AC91A5AD1BC2D91B00ED293F /* Messenger */,
			);
		};
/* End PBXProject section */

/* Begin PBXResourcesBuildPhase section */
		AC91A5AC1BC2D91B00ED293F /* Resources */ = {
			isa = PBXResourcesBuildPhase;
			buildActionMask = 2147483647;
			files = (
				AC953D9E1BCBE74900EF0DC3 /* MessageView.xib in Resources */,
				AC91A5BC1BC2D91C00ED293F /* LaunchScreen.storyboard in Resources */,
				AC91A5B91BC2D91C00ED293F /* Assets.xcassets in Resources */,
				AC91A5B71BC2D91C00ED293F /* Main.storyboard in Resources */,
				AC633F271BC91835001148C6 /* UserInfoView.xib in Resources */,
				AC633F2B1BC9668B001148C6 /* DateView.xib in Resources */,
			);
			runOnlyForDeploymentPostprocessing = 0;
		};
/* End PBXResourcesBuildPhase section */

/* Begin PBXSourcesBuildPhase section */
		AC91A5AA1BC2D91B00ED293F /* Sources */ = {
			isa = PBXSourcesBuildPhase;
			buildActionMask = 2147483647;
			files = (
				ACABC8FC1BD0176700982911 /* Session.swift in Sources */,
				AC9745321BC3F46E00B37456 /* MessageCollectionViewCell.swift in Sources */,
				ACA80D001BC309B000441D6E /* MessageBabbleView.swift in Sources */,
				ACA80D041BC39EC000441D6E /* User.swift in Sources */,
				ACD19AF31BC687330074F590 /* FrameForImageView.swift in Sources */,
				ACA80D021BC39EB600441D6E /* Message.swift in Sources */,
				ACABC9001BD01D4300982911 /* Messeges.swift in Sources */,
				AC91A5B21BC2D91C00ED293F /* AppDelegate.swift in Sources */,
				AC633F2F1BC96B4B001148C6 /* UIView+xib.swift in Sources */,
				AC3AAF5E1BC4650100A62CFB /* CastomStyleCell.swift in Sources */,
				AC633F291BC918D5001148C6 /* UserInfoView.swift in Sources */,
				AC633F2D1BC966F2001148C6 /* DateView.swift in Sources */,
				AC633F311BC97E31001148C6 /* MessageTextField.swift in Sources */,
				AC953DA01BCBE78A00EF0DC3 /* MessageView.swift in Sources */,
				AC9D05E11BC2F86B0051FABC /* MessengerViewController.swift in Sources */,
			);
			runOnlyForDeploymentPostprocessing = 0;
		};
/* End PBXSourcesBuildPhase section */

/* Begin PBXVariantGroup section */
		AC91A5B51BC2D91C00ED293F /* Main.storyboard */ = {
			isa = PBXVariantGroup;
			children = (
				AC91A5B61BC2D91C00ED293F /* Base */,
			);
			name = Main.storyboard;
			sourceTree = "<group>";
		};
		AC91A5BA1BC2D91C00ED293F /* LaunchScreen.storyboard */ = {
			isa = PBXVariantGroup;
			children = (
				AC91A5BB1BC2D91C00ED293F /* Base */,
			);
			name = LaunchScreen.storyboard;
			sourceTree = "<group>";
		};
/* End PBXVariantGroup section */

/* Begin XCBuildConfiguration section */
		AC91A5BE1BC2D91C00ED293F /* Debug */ = {
			isa = XCBuildConfiguration;
			buildSettings = {
				ALWAYS_SEARCH_USER_PATHS = NO;
				CLANG_CXX_LANGUAGE_STANDARD = "gnu++0x";
				CLANG_CXX_LIBRARY = "libc++";
				CLANG_ENABLE_MODULES = YES;
				CLANG_ENABLE_OBJC_ARC = YES;
				CLANG_WARN_BOOL_CONVERSION = YES;
				CLANG_WARN_CONSTANT_CONVERSION = YES;
				CLANG_WARN_DIRECT_OBJC_ISA_USAGE = YES_ERROR;
				CLANG_WARN_EMPTY_BODY = YES;
				CLANG_WARN_ENUM_CONVERSION = YES;
				CLANG_WARN_INT_CONVERSION = YES;
				CLANG_WARN_OBJC_ROOT_CLASS = YES_ERROR;
				CLANG_WARN_UNREACHABLE_CODE = YES;
				CLANG_WARN__DUPLICATE_METHOD_MATCH = YES;
				"CODE_SIGN_IDENTITY[sdk=iphoneos*]" = "iPhone Developer";
				COPY_PHASE_STRIP = NO;
				DEBUG_INFORMATION_FORMAT = dwarf;
				ENABLE_STRICT_OBJC_MSGSEND = YES;
				ENABLE_TESTABILITY = YES;
				GCC_C_LANGUAGE_STANDARD = gnu99;
				GCC_DYNAMIC_NO_PIC = NO;
				GCC_NO_COMMON_BLOCKS = YES;
				GCC_OPTIMIZATION_LEVEL = 0;
				GCC_PREPROCESSOR_DEFINITIONS = (
					"DEBUG=1",
					"$(inherited)",
				);
				GCC_WARN_64_TO_32_BIT_CONVERSION = YES;
				GCC_WARN_ABOUT_RETURN_TYPE = YES_ERROR;
				GCC_WARN_UNDECLARED_SELECTOR = YES;
				GCC_WARN_UNINITIALIZED_AUTOS = YES_AGGRESSIVE;
				GCC_WARN_UNUSED_FUNCTION = YES;
				GCC_WARN_UNUSED_VARIABLE = YES;
				IPHONEOS_DEPLOYMENT_TARGET = 9.0;
				MTL_ENABLE_DEBUG_INFO = YES;
				ONLY_ACTIVE_ARCH = YES;
				SDKROOT = iphoneos;
				SWIFT_OPTIMIZATION_LEVEL = "-Onone";
				TARGETED_DEVICE_FAMILY = "1,2";
			};
			name = Debug;
		};
		AC91A5BF1BC2D91C00ED293F /* Release */ = {
			isa = XCBuildConfiguration;
			buildSettings = {
				ALWAYS_SEARCH_USER_PATHS = NO;
				CLANG_CXX_LANGUAGE_STANDARD = "gnu++0x";
				CLANG_CXX_LIBRARY = "libc++";
				CLANG_ENABLE_MODULES = YES;
				CLANG_ENABLE_OBJC_ARC = YES;
				CLANG_WARN_BOOL_CONVERSION = YES;
				CLANG_WARN_CONSTANT_CONVERSION = YES;
				CLANG_WARN_DIRECT_OBJC_ISA_USAGE = YES_ERROR;
				CLANG_WARN_EMPTY_BODY = YES;
				CLANG_WARN_ENUM_CONVERSION = YES;
				CLANG_WARN_INT_CONVERSION = YES;
				CLANG_WARN_OBJC_ROOT_CLASS = YES_ERROR;
				CLANG_WARN_UNREACHABLE_CODE = YES;
				CLANG_WARN__DUPLICATE_METHOD_MATCH = YES;
				"CODE_SIGN_IDENTITY[sdk=iphoneos*]" = "iPhone Developer";
				COPY_PHASE_STRIP = NO;
				DEBUG_INFORMATION_FORMAT = "dwarf-with-dsym";
				ENABLE_NS_ASSERTIONS = NO;
				ENABLE_STRICT_OBJC_MSGSEND = YES;
				GCC_C_LANGUAGE_STANDARD = gnu99;
				GCC_NO_COMMON_BLOCKS = YES;
				GCC_WARN_64_TO_32_BIT_CONVERSION = YES;
				GCC_WARN_ABOUT_RETURN_TYPE = YES_ERROR;
				GCC_WARN_UNDECLARED_SELECTOR = YES;
				GCC_WARN_UNINITIALIZED_AUTOS = YES_AGGRESSIVE;
				GCC_WARN_UNUSED_FUNCTION = YES;
				GCC_WARN_UNUSED_VARIABLE = YES;
				IPHONEOS_DEPLOYMENT_TARGET = 9.0;
				MTL_ENABLE_DEBUG_INFO = NO;
				SDKROOT = iphoneos;
				TARGETED_DEVICE_FAMILY = "1,2";
				VALIDATE_PRODUCT = YES;
			};
			name = Release;
		};
		AC91A5C11BC2D91C00ED293F /* Debug */ = {
			isa = XCBuildConfiguration;
			buildSettings = {
				ASSETCATALOG_COMPILER_APPICON_NAME = AppIcon;
				CODE_SIGN_IDENTITY = "iPhone Developer";
				"CODE_SIGN_IDENTITY[sdk=iphoneos*]" = "iPhone Developer";
				INFOPLIST_FILE = Messenger/Info.plist;
				IPHONEOS_DEPLOYMENT_TARGET = 8.4;
				LD_RUNPATH_SEARCH_PATHS = "$(inherited) @executable_path/Frameworks";
				PRODUCT_BUNDLE_IDENTIFIER = Devart.Messenger;
				PRODUCT_NAME = "$(TARGET_NAME)";
				PROVISIONING_PROFILE = "";
			};
			name = Debug;
		};
		AC91A5C21BC2D91C00ED293F /* Release */ = {
			isa = XCBuildConfiguration;
			buildSettings = {
				ASSETCATALOG_COMPILER_APPICON_NAME = AppIcon;
				CODE_SIGN_IDENTITY = "iPhone Developer";
				"CODE_SIGN_IDENTITY[sdk=iphoneos*]" = "iPhone Developer";
				INFOPLIST_FILE = Messenger/Info.plist;
				IPHONEOS_DEPLOYMENT_TARGET = 8.4;
				LD_RUNPATH_SEARCH_PATHS = "$(inherited) @executable_path/Frameworks";
				PRODUCT_BUNDLE_IDENTIFIER = Devart.Messenger;
				PRODUCT_NAME = "$(TARGET_NAME)";
				PROVISIONING_PROFILE = "";
			};
			name = Release;
		};
/* End XCBuildConfiguration section */

/* Begin XCConfigurationList section */
		AC91A5A91BC2D91B00ED293F /* Build configuration list for PBXProject "Messenger" */ = {
			isa = XCConfigurationList;
			buildConfigurations = (
				AC91A5BE1BC2D91C00ED293F /* Debug */,
				AC91A5BF1BC2D91C00ED293F /* Release */,
			);
			defaultConfigurationIsVisible = 0;
			defaultConfigurationName = Release;
		};
		AC91A5C01BC2D91C00ED293F /* Build configuration list for PBXNativeTarget "Messenger" */ = {
			isa = XCConfigurationList;
			buildConfigurations = (
				AC91A5C11BC2D91C00ED293F /* Debug */,
				AC91A5C21BC2D91C00ED293F /* Release */,
			);
			defaultConfigurationIsVisible = 0;
			defaultConfigurationName = Release;
		};
/* End XCConfigurationList section */
	};
	rootObject = AC91A5A61BC2D91B00ED293F /* Project object */;
}
