// !$*UTF8*$!
{
	archiveVersion = 1;
	classes = {
	};
	objectVersion = 46;
	objects = {

/* Begin PBXBuildFile section */
		AC91A5B21BC2D91C00ED293F /* AppDelegate.swift in Sources */ = {isa = PBXBuildFile; fileRef = AC91A5B11BC2D91C00ED293F /* AppDelegate.swift */; };
		AC91A5B41BC2D91C00ED293F /* ViewController.swift in Sources */ = {isa = PBXBuildFile; fileRef = AC91A5B31BC2D91C00ED293F /* ViewController.swift */; };
		AC91A5B71BC2D91C00ED293F /* Main.storyboard in Resources */ = {isa = PBXBuildFile; fileRef = AC91A5B51BC2D91C00ED293F /* Main.storyboard */; };
		AC91A5B91BC2D91C00ED293F /* Assets.xcassets in Resources */ = {isa = PBXBuildFile; fileRef = AC91A5B81BC2D91C00ED293F /* Assets.xcassets */; };
		AC91A5BC1BC2D91C00ED293F /* LaunchScreen.storyboard in Resources */ = {isa = PBXBuildFile; fileRef = AC91A5BA1BC2D91C00ED293F /* LaunchScreen.storyboard */; };
		AC9D05E11BC2F86B0051FABC /* MessengerCollectionViewController.swift in Sources */ = {isa = PBXBuildFile; fileRef = AC9D05E01BC2F86B0051FABC /* MessengerCollectionViewController.swift */; settings = {ASSET_TAGS = (); }; };
		ACA80D001BC309B000441D6E /* MessageView.swift in Sources */ = {isa = PBXBuildFile; fileRef = ACA80CFF1BC309B000441D6E /* MessageView.swift */; settings = {ASSET_TAGS = (); }; };
		ACA80D021BC39EB600441D6E /* Message.swift in Sources */ = {isa = PBXBuildFile; fileRef = ACA80D011BC39EB600441D6E /* Message.swift */; settings = {ASSET_TAGS = (); }; };
		ACA80D041BC39EC000441D6E /* User.swift in Sources */ = {isa = PBXBuildFile; fileRef = ACA80D031BC39EC000441D6E /* User.swift */; settings = {ASSET_TAGS = (); }; };
/* End PBXBuildFile section */

/* Begin PBXFileReference section */
		AC91A5AE1BC2D91C00ED293F /* Messenger.app */ = {isa = PBXFileReference; explicitFileType = wrapper.application; includeInIndex = 0; path = Messenger.app; sourceTree = BUILT_PRODUCTS_DIR; };
		AC91A5B11BC2D91C00ED293F /* AppDelegate.swift */ = {isa = PBXFileReference; lastKnownFileType = sourcecode.swift; path = AppDelegate.swift; sourceTree = "<group>"; };
		AC91A5B31BC2D91C00ED293F /* ViewController.swift */ = {isa = PBXFileReference; lastKnownFileType = sourcecode.swift; path = ViewController.swift; sourceTree = "<group>"; };
		AC91A5B61BC2D91C00ED293F /* Base */ = {isa = PBXFileReference; lastKnownFileType = file.storyboard; name = Base; path = Base.lproj/Main.storyboard; sourceTree = "<group>"; };
		AC91A5B81BC2D91C00ED293F /* Assets.xcassets */ = {isa = PBXFileReference; lastKnownFileType = folder.assetcatalog; path = Assets.xcassets; sourceTree = "<group>"; };
		AC91A5BB1BC2D91C00ED293F /* Base */ = {isa = PBXFileReference; lastKnownFileType = file.storyboard; name = Base; path = Base.lproj/LaunchScreen.storyboard; sourceTree = "<group>"; };
		AC91A5BD1BC2D91C00ED293F /* Info.plist */ = {isa = PBXFileReference; lastKnownFileType = text.plist.xml; path = Info.plist; sourceTree = "<group>"; };
		AC9D05E01BC2F86B0051FABC /* MessengerCollectionViewController.swift */ = {isa = PBXFileReference; fileEncoding = 4; lastKnownFileType = sourcecode.swift; path = MessengerCollectionViewController.swift; sourceTree = "<group>"; };
		ACA80CFF1BC309B000441D6E /* MessageView.swift */ = {isa = PBXFileReference; fileEncoding = 4; lastKnownFileType = sourcecode.swift; path = MessageView.swift; sourceTree = "<group>"; };
		ACA80D011BC39EB600441D6E /* Message.swift */ = {isa = PBXFileReference; fileEncoding = 4; lastKnownFileType = sourcecode.swift; path = Message.swift; sourceTree = "<group>"; };
		ACA80D031BC39EC000441D6E /* User.swift */ = {isa = PBXFileReference; fileEncoding = 4; lastKnownFileType = sourcecode.swift; path = User.swift; sourceTree = "<group>"; };
/* End PBXFileReference section */

/* Begin PBXFrameworksBuildPhase section */
		AC91A5AB1BC2D91B00ED293F /* Frameworks */ = {
			isa = PBXFrameworksBuildPhase;
			buildActionMask = 2147483647;
			files = (
			);
			runOnlyForDeploymentPostprocessing = 0;
		};
/* End PBXFrameworksBuildPhase section */

/* Begin PBXGroup section */
		AC91A5A51BC2D91B00ED293F = {
			isa = PBXGroup;
			children = (
				AC91A5B01BC2D91C00ED293F /* Messenger */,
				AC91A5AF1BC2D91C00ED293F /* Products */,
			);
			sourceTree = "<group>";
		};
		AC91A5AF1BC2D91C00ED293F /* Products */ = {
			isa = PBXGroup;
			children = (
				AC91A5AE1BC2D91C00ED293F /* Messenger.app */,
			);
			name = Products;
			sourceTree = "<group>";
		};
		AC91A5B01BC2D91C00ED293F /* Messenger */ = {
			isa = PBXGroup;
			children = (
				AC91A5B11BC2D91C00ED293F /* AppDelegate.swift */,
				AC91A5B31BC2D91C00ED293F /* ViewController.swift */,
				AC91A5B51BC2D91C00ED293F /* Main.storyboard */,
				AC91A5B81BC2D91C00ED293F /* Assets.xcassets */,
				AC91A5BA1BC2D91C00ED293F /* LaunchScreen.storyboard */,
				AC91A5BD1BC2D91C00ED293F /* Info.plist */,
				AC9D05E01BC2F86B0051FABC /* MessengerCollectionViewController.swift */,
				ACA80CFF1BC309B000441D6E /* MessageView.swift */,
				ACA80D011BC39EB600441D6E /* Message.swift */,
				ACA80D031BC39EC000441D6E /* User.swift */,
			);
			path = Messenger;
			sourceTree = "<group>";
		};
/* End PBXGroup section */

/* Begin PBXNativeTarget section */
		AC91A5AD1BC2D91B00ED293F /* Messenger */ = {
			isa = PBXNativeTarget;
			buildConfigurationList = AC91A5C01BC2D91C00ED293F /* Build configuration list for PBXNativeTarget "Messenger" */;
			buildPhases = (
				AC91A5AA1BC2D91B00ED293F /* Sources */,
				AC91A5AB1BC2D91B00ED293F /* Frameworks */,
				AC91A5AC1BC2D91B00ED293F /* Resources */,
			);
			buildRules = (
			);
			dependencies = (
			);
			name = Messenger;
			productName = Messenger;
			productReference = AC91A5AE1BC2D91C00ED293F /* Messenger.app */;
			productType = "com.apple.product-type.application";
		};
/* End PBXNativeTarget section */

/* Begin PBXProject section */
		AC91A5A61BC2D91B00ED293F /* Project object */ = {
			isa = PBXProject;
			attributes = {
				LastUpgradeCheck = 0700;
				ORGANIZATIONNAME = "Артём Кузнецов";
				TargetAttributes = {
					AC91A5AD1BC2D91B00ED293F = {
						CreatedOnToolsVersion = 7.0.1;
					};
				};
			};
			buildConfigurationList = AC91A5A91BC2D91B00ED293F /* Build configuration list for PBXProject "Messenger" */;
			compatibilityVersion = "Xcode 3.2";
			developmentRegion = English;
			hasScannedForEncodings = 0;
			knownRegions = (
				en,
				Base,
			);
			mainGroup = AC91A5A51BC2D91B00ED293F;
			productRefGroup = AC91A5AF1BC2D91C00ED293F /* Products */;
			projectDirPath = "";
			projectRoot = "";
			targets = (
				AC91A5AD1BC2D91B00ED293F /* Messenger */,
			);
		};
/* End PBXProject section */

/* Begin PBXResourcesBuildPhase section */
		AC91A5AC1BC2D91B00ED293F /* Resources */ = {
			isa = PBXResourcesBuildPhase;
			buildActionMask = 2147483647;
			files = (
				AC91A5BC1BC2D91C00ED293F /* LaunchScreen.storyboard in Resources */,
				AC91A5B91BC2D91C00ED293F /* Assets.xcassets in Resources */,
				AC91A5B71BC2D91C00ED293F /* Main.storyboard in Resources */,
			);
			runOnlyForDeploymentPostprocessing = 0;
		};
/* End PBXResourcesBuildPhase section */

/* Begin PBXSourcesBuildPhase section */
		AC91A5AA1BC2D91B00ED293F /* Sources */ = {
			isa = PBXSourcesBuildPhase;
			buildActionMask = 2147483647;
			files = (
				ACA80D001BC309B000441D6E /* MessageView.swift in Sources */,
				AC91A5B41BC2D91C00ED293F /* ViewController.swift in Sources */,
				ACA80D041BC39EC000441D6E /* User.swift in Sources */,
				ACA80D021BC39EB600441D6E /* Message.swift in Sources */,
				AC91A5B21BC2D91C00ED293F /* AppDelegate.swift in Sources */,
				AC9D05E11BC2F86B0051FABC /* MessengerCollectionViewController.swift in Sources */,
			);
			runOnlyForDeploymentPostprocessing = 0;
		};
/* End PBXSourcesBuildPhase section */

/* Begin PBXVariantGroup section */
		AC91A5B51BC2D91C00ED293F /* Main.storyboard */ = {
			isa = PBXVariantGroup;
			children = (
				AC91A5B61BC2D91C00ED293F /* Base */,
			);
			name = Main.storyboard;
			sourceTree = "<group>";
		};
		AC91A5BA1BC2D91C00ED293F /* LaunchScreen.storyboard */ = {
			isa = PBXVariantGroup;
			children = (
				AC91A5BB1BC2D91C00ED293F /* Base */,
			);
			name = LaunchScreen.storyboard;
			sourceTree = "<group>";
		};
/* End PBXVariantGroup section */

/* Begin XCBuildConfiguration section */
		AC91A5BE1BC2D91C00ED293F /* Debug */ = {
			isa = XCBuildConfiguration;
			buildSettings = {
				ALWAYS_SEARCH_USER_PATHS = NO;
				CLANG_CXX_LANGUAGE_STANDARD = "gnu++0x";
				CLANG_CXX_LIBRARY = "libc++";
				CLANG_ENABLE_MODULES = YES;
				CLANG_ENABLE_OBJC_ARC = YES;
				CLANG_WARN_BOOL_CONVERSION = YES;
				CLANG_WARN_CONSTANT_CONVERSION = YES;
				CLANG_WARN_DIRECT_OBJC_ISA_USAGE = YES_ERROR;
				CLANG_WARN_EMPTY_BODY = YES;
				CLANG_WARN_ENUM_CONVERSION = YES;
				CLANG_WARN_INT_CONVERSION = YES;
				CLANG_WARN_OBJC_ROOT_CLASS = YES_ERROR;
				CLANG_WARN_UNREACHABLE_CODE = YES;
				CLANG_WARN__DUPLICATE_METHOD_MATCH = YES;
				"CODE_SIGN_IDENTITY[sdk=iphoneos*]" = "iPhone Developer";
				COPY_PHASE_STRIP = NO;
				DEBUG_INFORMATION_FORMAT = dwarf;
				ENABLE_STRICT_OBJC_MSGSEND = YES;
				ENABLE_TESTABILITY = YES;
				GCC_C_LANGUAGE_STANDARD = gnu99;
				GCC_DYNAMIC_NO_PIC = NO;
				GCC_NO_COMMON_BLOCKS = YES;
				GCC_OPTIMIZATION_LEVEL = 0;
				GCC_PREPROCESSOR_DEFINITIONS = (
					"DEBUG=1",
					"$(inherited)",
				);
				GCC_WARN_64_TO_32_BIT_CONVERSION = YES;
				GCC_WARN_ABOUT_RETURN_TYPE = YES_ERROR;
				GCC_WARN_UNDECLARED_SELECTOR = YES;
				GCC_WARN_UNINITIALIZED_AUTOS = YES_AGGRESSIVE;
				GCC_WARN_UNUSED_FUNCTION = YES;
				GCC_WARN_UNUSED_VARIABLE = YES;
				IPHONEOS_DEPLOYMENT_TARGET = 9.0;
				MTL_ENABLE_DEBUG_INFO = YES;
				ONLY_ACTIVE_ARCH = YES;
				SDKROOT = iphoneos;
				SWIFT_OPTIMIZATION_LEVEL = "-Onone";
				TARGETED_DEVICE_FAMILY = "1,2";
			};
			name = Debug;
		};
		AC91A5BF1BC2D91C00ED293F /* Release */ = {
			isa = XCBuildConfiguration;
			buildSettings = {
				ALWAYS_SEARCH_USER_PATHS = NO;
				CLANG_CXX_LANGUAGE_STANDARD = "gnu++0x";
				CLANG_CXX_LIBRARY = "libc++";
				CLANG_ENABLE_MODULES = YES;
				CLANG_ENABLE_OBJC_ARC = YES;
				CLANG_WARN_BOOL_CONVERSION = YES;
				CLANG_WARN_CONSTANT_CONVERSION = YES;
				CLANG_WARN_DIRECT_OBJC_ISA_USAGE = YES_ERROR;
				CLANG_WARN_EMPTY_BODY = YES;
				CLANG_WARN_ENUM_CONVERSION = YES;
				CLANG_WARN_INT_CONVERSION = YES;
				CLANG_WARN_OBJC_ROOT_CLASS = YES_ERROR;
				CLANG_WARN_UNREACHABLE_CODE = YES;
				CLANG_WARN__DUPLICATE_METHOD_MATCH = YES;
				"CODE_SIGN_IDENTITY[sdk=iphoneos*]" = "iPhone Developer";
				COPY_PHASE_STRIP = NO;
				DEBUG_INFORMATION_FORMAT = "dwarf-with-dsym";
				ENABLE_NS_ASSERTIONS = NO;
				ENABLE_STRICT_OBJC_MSGSEND = YES;
				GCC_C_LANGUAGE_STANDARD = gnu99;
				GCC_NO_COMMON_BLOCKS = YES;
				GCC_WARN_64_TO_32_BIT_CONVERSION = YES;
				GCC_WARN_ABOUT_RETURN_TYPE = YES_ERROR;
				GCC_WARN_UNDECLARED_SELECTOR = YES;
				GCC_WARN_UNINITIALIZED_AUTOS = YES_AGGRESSIVE;
				GCC_WARN_UNUSED_FUNCTION = YES;
				GCC_WARN_UNUSED_VARIABLE = YES;
				IPHONEOS_DEPLOYMENT_TARGET = 9.0;
				MTL_ENABLE_DEBUG_INFO = NO;
				SDKROOT = iphoneos;
				TARGETED_DEVICE_FAMILY = "1,2";
				VALIDATE_PRODUCT = YES;
			};
			name = Release;
		};
		AC91A5C11BC2D91C00ED293F /* Debug */ = {
			isa = XCBuildConfiguration;
			buildSettings = {
				ASSETCATALOG_COMPILER_APPICON_NAME = AppIcon;
				INFOPLIST_FILE = Messenger/Info.plist;
				LD_RUNPATH_SEARCH_PATHS = "$(inherited) @executable_path/Frameworks";
				PRODUCT_BUNDLE_IDENTIFIER = Devart.Messenger;
				PRODUCT_NAME = "$(TARGET_NAME)";
			};
			name = Debug;
		};
		AC91A5C21BC2D91C00ED293F /* Release */ = {
			isa = XCBuildConfiguration;
			buildSettings = {
				ASSETCATALOG_COMPILER_APPICON_NAME = AppIcon;
				INFOPLIST_FILE = Messenger/Info.plist;
				LD_RUNPATH_SEARCH_PATHS = "$(inherited) @executable_path/Frameworks";
				PRODUCT_BUNDLE_IDENTIFIER = Devart.Messenger;
				PRODUCT_NAME = "$(TARGET_NAME)";
			};
			name = Release;
		};
/* End XCBuildConfiguration section */

/* Begin XCConfigurationList section */
		AC91A5A91BC2D91B00ED293F /* Build configuration list for PBXProject "Messenger" */ = {
			isa = XCConfigurationList;
			buildConfigurations = (
				AC91A5BE1BC2D91C00ED293F /* Debug */,
				AC91A5BF1BC2D91C00ED293F /* Release */,
			);
			defaultConfigurationIsVisible = 0;
			defaultConfigurationName = Release;
		};
		AC91A5C01BC2D91C00ED293F /* Build configuration list for PBXNativeTarget "Messenger" */ = {
			isa = XCConfigurationList;
			buildConfigurations = (
				AC91A5C11BC2D91C00ED293F /* Debug */,
				AC91A5C21BC2D91C00ED293F /* Release */,
			);
			defaultConfigurationIsVisible = 0;
			defaultConfigurationName = Release;
		};
/* End XCConfigurationList section */
	};
	rootObject = AC91A5A61BC2D91B00ED293F /* Project object */;
}
